// !$*UTF8*$!
{
	archiveVersion = 1;
	classes = {
	};
	objectVersion = 56;
	objects = {

/* Begin PBXBuildFile section */
		8E00BAF529FC2E9100193F6B /* DocumentPicker.swift in Sources */ = {isa = PBXBuildFile; fileRef = 8E00BAF429FC2E9100193F6B /* DocumentPicker.swift */; };
		8E00BAF729FC3CCC00193F6B /* SharePickerView.swift in Sources */ = {isa = PBXBuildFile; fileRef = 8E00BAF629FC3CCC00193F6B /* SharePickerView.swift */; };
		8E0F0ECD29CB3AF60011B4F7 /* Manrope.ttf in Resources */ = {isa = PBXBuildFile; fileRef = 8E0F0ECC29CB3AF60011B4F7 /* Manrope.ttf */; };
		8E0F0ECF29CB3BA60011B4F7 /* Font+Extension.swift in Sources */ = {isa = PBXBuildFile; fileRef = 8E0F0ECE29CB3BA60011B4F7 /* Font+Extension.swift */; };
		8E0F0ED129CB53570011B4F7 /* View+Extension.swift in Sources */ = {isa = PBXBuildFile; fileRef = 8E0F0ED029CB53570011B4F7 /* View+Extension.swift */; };
		8E2128DF29EBE2CF00D50ADC /* ShareMessagesView.swift in Sources */ = {isa = PBXBuildFile; fileRef = 8E2128DE29EBE2CF00D50ADC /* ShareMessagesView.swift */; };
		8E2128E129EC04F500D50ADC /* ShareMessagesImageOverlay.swift in Sources */ = {isa = PBXBuildFile; fileRef = 8E2128E029EC04F500D50ADC /* ShareMessagesImageOverlay.swift */; };
		8E2128E329ED7E8800D50ADC /* HapticEngine.swift in Sources */ = {isa = PBXBuildFile; fileRef = 8E2128E229ED7E8800D50ADC /* HapticEngine.swift */; };
		8E2128E629EEFB2700D50ADC /* Localizable.strings in Resources */ = {isa = PBXBuildFile; fileRef = 8E2128E829EEFB2700D50ADC /* Localizable.strings */; };
		8E2E5BA329CC519D00EE0072 /* MarkdownUI in Frameworks */ = {isa = PBXBuildFile; productRef = 8E2E5BA229CC519D00EE0072 /* MarkdownUI */; };
		8E2E5BA529CC53CD00EE0072 /* Theme+Extension.swift in Sources */ = {isa = PBXBuildFile; fileRef = 8E2E5BA429CC53CD00EE0072 /* Theme+Extension.swift */; };
		8E2E5BA829CC6FF500EE0072 /* Splash in Frameworks */ = {isa = PBXBuildFile; productRef = 8E2E5BA729CC6FF500EE0072 /* Splash */; };
		8E2E5BAD29CC707B00EE0072 /* TextOutputFormat.swift in Sources */ = {isa = PBXBuildFile; fileRef = 8E2E5BAB29CC707A00EE0072 /* TextOutputFormat.swift */; };
		8E2E5BAE29CC707B00EE0072 /* SplashCodeSyntaxHighlighter.swift in Sources */ = {isa = PBXBuildFile; fileRef = 8E2E5BAC29CC707A00EE0072 /* SplashCodeSyntaxHighlighter.swift */; };
		8E2E5BB029CCC60700EE0072 /* MainView.swift in Sources */ = {isa = PBXBuildFile; fileRef = 8E2E5BAF29CCC60700EE0072 /* MainView.swift */; };
		8E2EF25929F02E4900E25C9A /* ApphudSDK in Frameworks */ = {isa = PBXBuildFile; productRef = 8E2EF25829F02E4900E25C9A /* ApphudSDK */; };
		8E2EF25D29F04D7500E25C9A /* ImageRenderer+Extension.swift in Sources */ = {isa = PBXBuildFile; fileRef = 8E2EF25C29F04D7500E25C9A /* ImageRenderer+Extension.swift */; };
		8E3DA87D29DC6E6800327A2A /* LoadingIndocator.swift in Sources */ = {isa = PBXBuildFile; fileRef = 8E3DA87C29DC6E6800327A2A /* LoadingIndocator.swift */; };
		8E401DD029DE59A000E2F403 /* SystemUtil.swift in Sources */ = {isa = PBXBuildFile; fileRef = 8E401DCF29DE59A000E2F403 /* SystemUtil.swift */; };
		8E401DD529E7171100E2F403 /* PremiumView.swift in Sources */ = {isa = PBXBuildFile; fileRef = 8E401DD429E7171100E2F403 /* PremiumView.swift */; };
		8E401DD729EA9E9A00E2F403 /* SKProduct+Extension.swift in Sources */ = {isa = PBXBuildFile; fileRef = 8E401DD629EA9E9A00E2F403 /* SKProduct+Extension.swift */; };
		8E401DD929EAC9F900E2F403 /* ToastVIew.swift in Sources */ = {isa = PBXBuildFile; fileRef = 8E401DD829EAC9F900E2F403 /* ToastVIew.swift */; };
		8E64872729C6E1B00029E14F /* AICatApp.swift in Sources */ = {isa = PBXBuildFile; fileRef = 8E64872629C6E1B00029E14F /* AICatApp.swift */; };
		8E64872929C6E1B00029E14F /* CompactView.swift in Sources */ = {isa = PBXBuildFile; fileRef = 8E64872829C6E1B00029E14F /* CompactView.swift */; };
		8E64872B29C6E1B10029E14F /* Assets.xcassets in Resources */ = {isa = PBXBuildFile; fileRef = 8E64872A29C6E1B10029E14F /* Assets.xcassets */; };
		8E64872E29C6E1B10029E14F /* Preview Assets.xcassets in Resources */ = {isa = PBXBuildFile; fileRef = 8E64872D29C6E1B10029E14F /* Preview Assets.xcassets */; };
		8E64873529C6E2660029E14F /* ConversationView.swift in Sources */ = {isa = PBXBuildFile; fileRef = 8E64873429C6E2660029E14F /* ConversationView.swift */; };
		8E64873829C6FBD90029E14F /* Alamofire in Frameworks */ = {isa = PBXBuildFile; productRef = 8E64873729C6FBD90029E14F /* Alamofire */; };
		8E64873B29C6FF750029E14F /* CatApi.swift in Sources */ = {isa = PBXBuildFile; fileRef = 8E64873A29C6FF750029E14F /* CatApi.swift */; };
		8E64873F29C70FD00029E14F /* Blackbird in Frameworks */ = {isa = PBXBuildFile; productRef = 8E64873E29C70FD00029E14F /* Blackbird */; };
		8E64874229C713D30029E14F /* Conversation.swift in Sources */ = {isa = PBXBuildFile; fileRef = 8E64874129C713D30029E14F /* Conversation.swift */; };
		8E64874429C715740029E14F /* ChatMessage.swift in Sources */ = {isa = PBXBuildFile; fileRef = 8E64874329C715740029E14F /* ChatMessage.swift */; };
		8E64874729C719460029E14F /* Date+Extension.swift in Sources */ = {isa = PBXBuildFile; fileRef = 8E64874629C719460029E14F /* Date+Extension.swift */; };
		8E64874C29C788640029E14F /* ConversationListView.swift in Sources */ = {isa = PBXBuildFile; fileRef = 8E64874B29C788640029E14F /* ConversationListView.swift */; };
		8E811E9C29F1A05E0007A386 /* ComposableArchitecture in Frameworks */ = {isa = PBXBuildFile; productRef = 8E811E9B29F1A05E0007A386 /* ComposableArchitecture */; };
		8E8F19CC2A4FE9760006BCBC /* OpenAI in Frameworks */ = {isa = PBXBuildFile; productRef = 8E8F19CB2A4FE9760006BCBC /* OpenAI */; };
		8EC0742429F979DD00606DE9 /* OpenAISettingsView.swift in Sources */ = {isa = PBXBuildFile; fileRef = 8EC0742329F979DD00606DE9 /* OpenAISettingsView.swift */; };
		8EDB8E0D2A127D6A0088517E /* CloudKitService.swift in Sources */ = {isa = PBXBuildFile; fileRef = 8EDB8E0C2A127D6A0088517E /* CloudKitService.swift */; };
		8EDB8E0F2A1284540088517E /* PushItem.swift in Sources */ = {isa = PBXBuildFile; fileRef = 8EDB8E0E2A1284540088517E /* PushItem.swift */; };
		8EDB8E112A13DD8F0088517E /* StoreManager.swift in Sources */ = {isa = PBXBuildFile; fileRef = 8EDB8E102A13DD8F0088517E /* StoreManager.swift */; };
		8EDD4DD429DB0159009176A5 /* Credential.swift in Sources */ = {isa = PBXBuildFile; fileRef = 8EDD4DD329DB0159009176A5 /* Credential.swift */; };
		8EE9264729D49B29005E6FB7 /* Bundle+Extension.swift in Sources */ = {isa = PBXBuildFile; fileRef = 8EE9264629D49B29005E6FB7 /* Bundle+Extension.swift */; };
		8EECA00629C8097E0021A6A1 /* UerDefaults+Extension.swift in Sources */ = {isa = PBXBuildFile; fileRef = 8EECA00529C8097E0021A6A1 /* UerDefaults+Extension.swift */; };
		8EECA00A29C82E9D0021A6A1 /* AddConversationView.swift in Sources */ = {isa = PBXBuildFile; fileRef = 8EECA00929C82E9D0021A6A1 /* AddConversationView.swift */; };
		8EECA01129C896B20021A6A1 /* Database+Extension.swift in Sources */ = {isa = PBXBuildFile; fileRef = 8EECA01029C896B20021A6A1 /* Database+Extension.swift */; };
		8EECA01329C8BC370021A6A1 /* SettingsView.swift in Sources */ = {isa = PBXBuildFile; fileRef = 8EECA01229C8BC370021A6A1 /* SettingsView.swift */; };
		8EECA01629CA07830021A6A1 /* MessageView.swift in Sources */ = {isa = PBXBuildFile; fileRef = 8EECA01529CA07830021A6A1 /* MessageView.swift */; };
		8EF5A5DE29D8527000981A38 /* SplitView.swift in Sources */ = {isa = PBXBuildFile; fileRef = 8EF5A5DD29D8527000981A38 /* SplitView.swift */; };
		8EF5A5E129D92DBF00981A38 /* AppCenterAnalytics in Frameworks */ = {isa = PBXBuildFile; productRef = 8EF5A5E029D92DBF00981A38 /* AppCenterAnalytics */; };
		8EF5A5E329D92DBF00981A38 /* AppCenterCrashes in Frameworks */ = {isa = PBXBuildFile; productRef = 8EF5A5E229D92DBF00981A38 /* AppCenterCrashes */; };
		8EF5A5E929E0651A00981A38 /* SliderView.swift in Sources */ = {isa = PBXBuildFile; fileRef = 8EF5A5E829E0651A00981A38 /* SliderView.swift */; };
		8EF5A5EB29E0729B00981A38 /* ParamsEditView.swift in Sources */ = {isa = PBXBuildFile; fileRef = 8EF5A5EA29E0729B00981A38 /* ParamsEditView.swift */; };
		8EFE2AB029E14F9C00C64B7C /* TextEditView.swift in Sources */ = {isa = PBXBuildFile; fileRef = 8EFE2AAF29E14F9C00C64B7C /* TextEditView.swift */; };
/* End PBXBuildFile section */

/* Begin PBXFileReference section */
		8E00BAF429FC2E9100193F6B /* DocumentPicker.swift */ = {isa = PBXFileReference; lastKnownFileType = sourcecode.swift; path = DocumentPicker.swift; sourceTree = "<group>"; };
		8E00BAF629FC3CCC00193F6B /* SharePickerView.swift */ = {isa = PBXFileReference; lastKnownFileType = sourcecode.swift; path = SharePickerView.swift; sourceTree = "<group>"; };
		8E0F0ECC29CB3AF60011B4F7 /* Manrope.ttf */ = {isa = PBXFileReference; lastKnownFileType = file; path = Manrope.ttf; sourceTree = "<group>"; };
		8E0F0ECE29CB3BA60011B4F7 /* Font+Extension.swift */ = {isa = PBXFileReference; lastKnownFileType = sourcecode.swift; path = "Font+Extension.swift"; sourceTree = "<group>"; };
		8E0F0ED029CB53570011B4F7 /* View+Extension.swift */ = {isa = PBXFileReference; lastKnownFileType = sourcecode.swift; path = "View+Extension.swift"; sourceTree = "<group>"; };
		8E2128DE29EBE2CF00D50ADC /* ShareMessagesView.swift */ = {isa = PBXFileReference; lastKnownFileType = sourcecode.swift; path = ShareMessagesView.swift; sourceTree = "<group>"; };
		8E2128E029EC04F500D50ADC /* ShareMessagesImageOverlay.swift */ = {isa = PBXFileReference; lastKnownFileType = sourcecode.swift; path = ShareMessagesImageOverlay.swift; sourceTree = "<group>"; };
		8E2128E229ED7E8800D50ADC /* HapticEngine.swift */ = {isa = PBXFileReference; lastKnownFileType = sourcecode.swift; path = HapticEngine.swift; sourceTree = "<group>"; };
		8E2128E729EEFB2700D50ADC /* zh-Hans */ = {isa = PBXFileReference; lastKnownFileType = text.plist.strings; name = "zh-Hans"; path = "zh-Hans.lproj/Localizable.strings"; sourceTree = "<group>"; };
		8E2128E929EEFB2B00D50ADC /* en */ = {isa = PBXFileReference; lastKnownFileType = text.plist.strings; name = en; path = en.lproj/Localizable.strings; sourceTree = "<group>"; };
		8E2128EA29EF0B9300D50ADC /* zh-Hant */ = {isa = PBXFileReference; lastKnownFileType = text.plist.strings; name = "zh-Hant"; path = "zh-Hant.lproj/Localizable.strings"; sourceTree = "<group>"; };
		8E2128EB29EF0BAE00D50ADC /* ja */ = {isa = PBXFileReference; lastKnownFileType = text.plist.strings; name = ja; path = ja.lproj/Localizable.strings; sourceTree = "<group>"; };
		8E2128EC29EF0BB800D50ADC /* ko */ = {isa = PBXFileReference; lastKnownFileType = text.plist.strings; name = ko; path = ko.lproj/Localizable.strings; sourceTree = "<group>"; };
		8E2128ED29EF0BCF00D50ADC /* zh-HK */ = {isa = PBXFileReference; lastKnownFileType = text.plist.strings; name = "zh-HK"; path = "zh-HK.lproj/Localizable.strings"; sourceTree = "<group>"; };
		8E2E5BA429CC53CD00EE0072 /* Theme+Extension.swift */ = {isa = PBXFileReference; lastKnownFileType = sourcecode.swift; path = "Theme+Extension.swift"; sourceTree = "<group>"; };
		8E2E5BAB29CC707A00EE0072 /* TextOutputFormat.swift */ = {isa = PBXFileReference; fileEncoding = 4; lastKnownFileType = sourcecode.swift; path = TextOutputFormat.swift; sourceTree = "<group>"; };
		8E2E5BAC29CC707A00EE0072 /* SplashCodeSyntaxHighlighter.swift */ = {isa = PBXFileReference; fileEncoding = 4; lastKnownFileType = sourcecode.swift; path = SplashCodeSyntaxHighlighter.swift; sourceTree = "<group>"; };
		8E2E5BAF29CCC60700EE0072 /* MainView.swift */ = {isa = PBXFileReference; lastKnownFileType = sourcecode.swift; path = MainView.swift; sourceTree = "<group>"; };
		8E2EF25C29F04D7500E25C9A /* ImageRenderer+Extension.swift */ = {isa = PBXFileReference; lastKnownFileType = sourcecode.swift; path = "ImageRenderer+Extension.swift"; sourceTree = "<group>"; };
		8E3DA87C29DC6E6800327A2A /* LoadingIndocator.swift */ = {isa = PBXFileReference; lastKnownFileType = sourcecode.swift; path = LoadingIndocator.swift; sourceTree = "<group>"; };
		8E401DCD29DCB66200E2F403 /* AICat.entitlements */ = {isa = PBXFileReference; lastKnownFileType = text.plist.entitlements; path = AICat.entitlements; sourceTree = "<group>"; };
		8E401DCF29DE59A000E2F403 /* SystemUtil.swift */ = {isa = PBXFileReference; lastKnownFileType = sourcecode.swift; path = SystemUtil.swift; sourceTree = "<group>"; };
		8E401DD429E7171100E2F403 /* PremiumView.swift */ = {isa = PBXFileReference; lastKnownFileType = sourcecode.swift; path = PremiumView.swift; sourceTree = "<group>"; };
		8E401DD629EA9E9A00E2F403 /* SKProduct+Extension.swift */ = {isa = PBXFileReference; lastKnownFileType = sourcecode.swift; path = "SKProduct+Extension.swift"; sourceTree = "<group>"; };
		8E401DD829EAC9F900E2F403 /* ToastVIew.swift */ = {isa = PBXFileReference; lastKnownFileType = sourcecode.swift; path = ToastVIew.swift; sourceTree = "<group>"; };
		8E64872329C6E1B00029E14F /* AICat.app */ = {isa = PBXFileReference; explicitFileType = wrapper.application; includeInIndex = 0; path = AICat.app; sourceTree = BUILT_PRODUCTS_DIR; };
		8E64872629C6E1B00029E14F /* AICatApp.swift */ = {isa = PBXFileReference; lastKnownFileType = sourcecode.swift; path = AICatApp.swift; sourceTree = "<group>"; };
		8E64872829C6E1B00029E14F /* CompactView.swift */ = {isa = PBXFileReference; lastKnownFileType = sourcecode.swift; path = CompactView.swift; sourceTree = "<group>"; };
		8E64872A29C6E1B10029E14F /* Assets.xcassets */ = {isa = PBXFileReference; lastKnownFileType = folder.assetcatalog; path = Assets.xcassets; sourceTree = "<group>"; };
		8E64872D29C6E1B10029E14F /* Preview Assets.xcassets */ = {isa = PBXFileReference; lastKnownFileType = folder.assetcatalog; path = "Preview Assets.xcassets"; sourceTree = "<group>"; };
		8E64873429C6E2660029E14F /* ConversationView.swift */ = {isa = PBXFileReference; lastKnownFileType = sourcecode.swift; path = ConversationView.swift; sourceTree = "<group>"; };
		8E64873A29C6FF750029E14F /* CatApi.swift */ = {isa = PBXFileReference; lastKnownFileType = sourcecode.swift; path = CatApi.swift; sourceTree = "<group>"; };
		8E64874129C713D30029E14F /* Conversation.swift */ = {isa = PBXFileReference; lastKnownFileType = sourcecode.swift; path = Conversation.swift; sourceTree = "<group>"; };
		8E64874329C715740029E14F /* ChatMessage.swift */ = {isa = PBXFileReference; lastKnownFileType = sourcecode.swift; path = ChatMessage.swift; sourceTree = "<group>"; };
		8E64874629C719460029E14F /* Date+Extension.swift */ = {isa = PBXFileReference; lastKnownFileType = sourcecode.swift; path = "Date+Extension.swift"; sourceTree = "<group>"; };
		8E64874929C759970029E14F /* libsqlite3.0.tbd */ = {isa = PBXFileReference; lastKnownFileType = "sourcecode.text-based-dylib-definition"; name = libsqlite3.0.tbd; path = usr/lib/libsqlite3.0.tbd; sourceTree = SDKROOT; };
		8E64874A29C75A1C0029E14F /* libsqlite3.tbd */ = {isa = PBXFileReference; lastKnownFileType = "sourcecode.text-based-dylib-definition"; name = libsqlite3.tbd; path = usr/lib/libsqlite3.tbd; sourceTree = SDKROOT; };
		8E64874B29C788640029E14F /* ConversationListView.swift */ = {isa = PBXFileReference; lastKnownFileType = sourcecode.swift; path = ConversationListView.swift; sourceTree = "<group>"; };
		8EC0742329F979DD00606DE9 /* OpenAISettingsView.swift */ = {isa = PBXFileReference; lastKnownFileType = sourcecode.swift; path = OpenAISettingsView.swift; sourceTree = "<group>"; };
		8EDB8E0C2A127D6A0088517E /* CloudKitService.swift */ = {isa = PBXFileReference; lastKnownFileType = sourcecode.swift; path = CloudKitService.swift; sourceTree = "<group>"; };
		8EDB8E0E2A1284540088517E /* PushItem.swift */ = {isa = PBXFileReference; lastKnownFileType = sourcecode.swift; path = PushItem.swift; sourceTree = "<group>"; };
		8EDB8E102A13DD8F0088517E /* StoreManager.swift */ = {isa = PBXFileReference; lastKnownFileType = sourcecode.swift; path = StoreManager.swift; sourceTree = "<group>"; };
		8EDD4DD329DB0159009176A5 /* Credential.swift */ = {isa = PBXFileReference; lastKnownFileType = sourcecode.swift; path = Credential.swift; sourceTree = "<group>"; };
		8EE9264629D49B29005E6FB7 /* Bundle+Extension.swift */ = {isa = PBXFileReference; lastKnownFileType = sourcecode.swift; path = "Bundle+Extension.swift"; sourceTree = "<group>"; };
		8EECA00529C8097E0021A6A1 /* UerDefaults+Extension.swift */ = {isa = PBXFileReference; lastKnownFileType = sourcecode.swift; path = "UerDefaults+Extension.swift"; sourceTree = "<group>"; };
		8EECA00929C82E9D0021A6A1 /* AddConversationView.swift */ = {isa = PBXFileReference; lastKnownFileType = sourcecode.swift; path = AddConversationView.swift; sourceTree = "<group>"; };
		8EECA00D29C83BDB0021A6A1 /* Info.plist */ = {isa = PBXFileReference; lastKnownFileType = text.plist; path = Info.plist; sourceTree = "<group>"; };
		8EECA01029C896B20021A6A1 /* Database+Extension.swift */ = {isa = PBXFileReference; lastKnownFileType = sourcecode.swift; path = "Database+Extension.swift"; sourceTree = "<group>"; };
		8EECA01229C8BC370021A6A1 /* SettingsView.swift */ = {isa = PBXFileReference; lastKnownFileType = sourcecode.swift; path = SettingsView.swift; sourceTree = "<group>"; };
		8EECA01529CA07830021A6A1 /* MessageView.swift */ = {isa = PBXFileReference; lastKnownFileType = sourcecode.swift; path = MessageView.swift; sourceTree = "<group>"; };
		8EF5A5DD29D8527000981A38 /* SplitView.swift */ = {isa = PBXFileReference; lastKnownFileType = sourcecode.swift; path = SplitView.swift; sourceTree = "<group>"; };
		8EF5A5E829E0651A00981A38 /* SliderView.swift */ = {isa = PBXFileReference; lastKnownFileType = sourcecode.swift; path = SliderView.swift; sourceTree = "<group>"; };
		8EF5A5EA29E0729B00981A38 /* ParamsEditView.swift */ = {isa = PBXFileReference; lastKnownFileType = sourcecode.swift; path = ParamsEditView.swift; sourceTree = "<group>"; };
		8EFE2AAF29E14F9C00C64B7C /* TextEditView.swift */ = {isa = PBXFileReference; lastKnownFileType = sourcecode.swift; path = TextEditView.swift; sourceTree = "<group>"; };
/* End PBXFileReference section */

/* Begin PBXFrameworksBuildPhase section */
		8E64872029C6E1B00029E14F /* Frameworks */ = {
			isa = PBXFrameworksBuildPhase;
			buildActionMask = 2147483647;
			files = (
				8E2E5BA329CC519D00EE0072 /* MarkdownUI in Frameworks */,
				8E2EF25929F02E4900E25C9A /* ApphudSDK in Frameworks */,
				8EF5A5E329D92DBF00981A38 /* AppCenterCrashes in Frameworks */,
				8E2E5BA829CC6FF500EE0072 /* Splash in Frameworks */,
				8E64873829C6FBD90029E14F /* Alamofire in Frameworks */,
				8EF5A5E129D92DBF00981A38 /* AppCenterAnalytics in Frameworks */,
				8E811E9C29F1A05E0007A386 /* ComposableArchitecture in Frameworks */,
				8E8F19CC2A4FE9760006BCBC /* OpenAI in Frameworks */,
				8E64873F29C70FD00029E14F /* Blackbird in Frameworks */,
			);
			runOnlyForDeploymentPostprocessing = 0;
		};
/* End PBXFrameworksBuildPhase section */

/* Begin PBXGroup section */
		8E0F0ECB29CB3AD00011B4F7 /* Font */ = {
			isa = PBXGroup;
			children = (
				8E0F0ECC29CB3AF60011B4F7 /* Manrope.ttf */,
			);
			path = Font;
			sourceTree = "<group>";
		};
		8E2E5BA929CC704600EE0072 /* Markdown */ = {
			isa = PBXGroup;
			children = (
				8E2E5BAA29CC707A00EE0072 /* SyntaxHighlighter */,
			);
			path = Markdown;
			sourceTree = "<group>";
		};
		8E2E5BAA29CC707A00EE0072 /* SyntaxHighlighter */ = {
			isa = PBXGroup;
			children = (
				8E2E5BAB29CC707A00EE0072 /* TextOutputFormat.swift */,
				8E2E5BAC29CC707A00EE0072 /* SplashCodeSyntaxHighlighter.swift */,
			);
			path = SyntaxHighlighter;
			sourceTree = "<group>";
		};
		8E401DCE29DE596D00E2F403 /* Utils */ = {
			isa = PBXGroup;
			children = (
				8E401DCF29DE59A000E2F403 /* SystemUtil.swift */,
				8E2128E229ED7E8800D50ADC /* HapticEngine.swift */,
				8E00BAF429FC2E9100193F6B /* DocumentPicker.swift */,
			);
			path = Utils;
			sourceTree = "<group>";
		};
		8E64871A29C6E1B00029E14F = {
			isa = PBXGroup;
			children = (
				8E64872529C6E1B00029E14F /* AICat */,
				8E64872429C6E1B00029E14F /* Products */,
				8E64874829C759970029E14F /* Frameworks */,
			);
			sourceTree = "<group>";
		};
		8E64872429C6E1B00029E14F /* Products */ = {
			isa = PBXGroup;
			children = (
				8E64872329C6E1B00029E14F /* AICat.app */,
			);
			name = Products;
			sourceTree = "<group>";
		};
		8E64872529C6E1B00029E14F /* AICat */ = {
			isa = PBXGroup;
			children = (
				8E401DCD29DCB66200E2F403 /* AICat.entitlements */,
				8EECA00D29C83BDB0021A6A1 /* Info.plist */,
				8EDB8E0B2A127D310088517E /* CloudSync */,
				8E401DCE29DE596D00E2F403 /* Utils */,
				8E2E5BA929CC704600EE0072 /* Markdown */,
				8E0F0ECB29CB3AD00011B4F7 /* Font */,
				8EECA01429CA07650021A6A1 /* Views */,
				8EECA00829C82E410021A6A1 /* Pages */,
				8E64874529C7192D0029E14F /* Extension */,
				8E64873C29C701B00029E14F /* Model */,
				8E64873929C6FDD40029E14F /* Networking */,
				8E64872629C6E1B00029E14F /* AICatApp.swift */,
				8E64872A29C6E1B10029E14F /* Assets.xcassets */,
				8E2128E829EEFB2700D50ADC /* Localizable.strings */,
				8E64872C29C6E1B10029E14F /* Preview Content */,
				8EDD4DD329DB0159009176A5 /* Credential.swift */,
			);
			path = AICat;
			sourceTree = "<group>";
		};
		8E64872C29C6E1B10029E14F /* Preview Content */ = {
			isa = PBXGroup;
			children = (
				8E64872D29C6E1B10029E14F /* Preview Assets.xcassets */,
			);
			path = "Preview Content";
			sourceTree = "<group>";
		};
		8E64873929C6FDD40029E14F /* Networking */ = {
			isa = PBXGroup;
			children = (
				8E64873A29C6FF750029E14F /* CatApi.swift */,
			);
			path = Networking;
			sourceTree = "<group>";
		};
		8E64873C29C701B00029E14F /* Model */ = {
			isa = PBXGroup;
			children = (
				8E64874129C713D30029E14F /* Conversation.swift */,
				8E64874329C715740029E14F /* ChatMessage.swift */,
				8EDB8E0E2A1284540088517E /* PushItem.swift */,
			);
			path = Model;
			sourceTree = "<group>";
		};
		8E64874529C7192D0029E14F /* Extension */ = {
			isa = PBXGroup;
			children = (
				8E64874629C719460029E14F /* Date+Extension.swift */,
				8EECA00529C8097E0021A6A1 /* UerDefaults+Extension.swift */,
				8EECA01029C896B20021A6A1 /* Database+Extension.swift */,
				8E0F0ECE29CB3BA60011B4F7 /* Font+Extension.swift */,
				8E0F0ED029CB53570011B4F7 /* View+Extension.swift */,
				8E2E5BA429CC53CD00EE0072 /* Theme+Extension.swift */,
				8EE9264629D49B29005E6FB7 /* Bundle+Extension.swift */,
				8E401DD629EA9E9A00E2F403 /* SKProduct+Extension.swift */,
				8E2EF25C29F04D7500E25C9A /* ImageRenderer+Extension.swift */,
			);
			path = Extension;
			sourceTree = "<group>";
		};
		8E64874829C759970029E14F /* Frameworks */ = {
			isa = PBXGroup;
			children = (
				8E64874A29C75A1C0029E14F /* libsqlite3.tbd */,
				8E64874929C759970029E14F /* libsqlite3.0.tbd */,
			);
			name = Frameworks;
			sourceTree = "<group>";
		};
		8EDB8E0B2A127D310088517E /* CloudSync */ = {
			isa = PBXGroup;
			children = (
				8EDB8E0C2A127D6A0088517E /* CloudKitService.swift */,
				8EDB8E102A13DD8F0088517E /* StoreManager.swift */,
			);
			path = CloudSync;
			sourceTree = "<group>";
		};
		8EECA00829C82E410021A6A1 /* Pages */ = {
			isa = PBXGroup;
			children = (
				8E64872829C6E1B00029E14F /* CompactView.swift */,
				8E64873429C6E2660029E14F /* ConversationView.swift */,
				8E64874B29C788640029E14F /* ConversationListView.swift */,
				8EECA00929C82E9D0021A6A1 /* AddConversationView.swift */,
				8EECA01229C8BC370021A6A1 /* SettingsView.swift */,
				8E2E5BAF29CCC60700EE0072 /* MainView.swift */,
				8EF5A5DD29D8527000981A38 /* SplitView.swift */,
				8E401DD429E7171100E2F403 /* PremiumView.swift */,
				8E2128DE29EBE2CF00D50ADC /* ShareMessagesView.swift */,
				8E2128E029EC04F500D50ADC /* ShareMessagesImageOverlay.swift */,
				8EC0742329F979DD00606DE9 /* OpenAISettingsView.swift */,
			);
			path = Pages;
			sourceTree = "<group>";
		};
		8EECA01429CA07650021A6A1 /* Views */ = {
			isa = PBXGroup;
			children = (
				8EECA01529CA07830021A6A1 /* MessageView.swift */,
				8E3DA87C29DC6E6800327A2A /* LoadingIndocator.swift */,
				8EF5A5E829E0651A00981A38 /* SliderView.swift */,
				8EF5A5EA29E0729B00981A38 /* ParamsEditView.swift */,
				8EFE2AAF29E14F9C00C64B7C /* TextEditView.swift */,
				8E401DD829EAC9F900E2F403 /* ToastVIew.swift */,
				8E00BAF629FC3CCC00193F6B /* SharePickerView.swift */,
			);
			path = Views;
			sourceTree = "<group>";
		};
/* End PBXGroup section */

/* Begin PBXNativeTarget section */
		8E64872229C6E1B00029E14F /* AICat */ = {
			isa = PBXNativeTarget;
			buildConfigurationList = 8E64873129C6E1B10029E14F /* Build configuration list for PBXNativeTarget "AICat" */;
			buildPhases = (
				8E64871F29C6E1B00029E14F /* Sources */,
				8E64872029C6E1B00029E14F /* Frameworks */,
				8E64872129C6E1B00029E14F /* Resources */,
			);
			buildRules = (
			);
			dependencies = (
			);
			name = AICat;
			packageProductDependencies = (
				8E64873729C6FBD90029E14F /* Alamofire */,
				8E64873E29C70FD00029E14F /* Blackbird */,
				8E2E5BA229CC519D00EE0072 /* MarkdownUI */,
				8E2E5BA729CC6FF500EE0072 /* Splash */,
				8EF5A5E029D92DBF00981A38 /* AppCenterAnalytics */,
				8EF5A5E229D92DBF00981A38 /* AppCenterCrashes */,
				8E2EF25829F02E4900E25C9A /* ApphudSDK */,
				8E811E9B29F1A05E0007A386 /* ComposableArchitecture */,
				8E8F19CB2A4FE9760006BCBC /* OpenAI */,
			);
			productName = AICat;
			productReference = 8E64872329C6E1B00029E14F /* AICat.app */;
			productType = "com.apple.product-type.application";
		};
/* End PBXNativeTarget section */

/* Begin PBXProject section */
		8E64871B29C6E1B00029E14F /* Project object */ = {
			isa = PBXProject;
			attributes = {
				BuildIndependentTargetsInParallel = 1;
				LastSwiftUpdateCheck = 1420;
				LastUpgradeCheck = 1420;
				TargetAttributes = {
					8E64872229C6E1B00029E14F = {
						CreatedOnToolsVersion = 14.2;
					};
				};
			};
			buildConfigurationList = 8E64871E29C6E1B00029E14F /* Build configuration list for PBXProject "AICat" */;
			compatibilityVersion = "Xcode 14.0";
			developmentRegion = en;
			hasScannedForEncodings = 0;
			knownRegions = (
				en,
				Base,
				"zh-Hans",
				"zh-Hant",
				ja,
				ko,
				"zh-HK",
			);
			mainGroup = 8E64871A29C6E1B00029E14F;
			packageReferences = (
				8E64873629C6FBD90029E14F /* XCRemoteSwiftPackageReference "Alamofire" */,
				8E64873D29C70FD00029E14F /* XCRemoteSwiftPackageReference "Blackbird" */,
				8E2E5BA129CC519D00EE0072 /* XCRemoteSwiftPackageReference "swift-markdown-ui" */,
				8E2E5BA629CC6FF500EE0072 /* XCRemoteSwiftPackageReference "Splash" */,
				8EF5A5DF29D92DBF00981A38 /* XCRemoteSwiftPackageReference "appcenter-sdk-apple" */,
				8E2EF25729F02E4900E25C9A /* XCRemoteSwiftPackageReference "ApphudSDK" */,
				8E811E9A29F1A05E0007A386 /* XCRemoteSwiftPackageReference "swift-composable-architecture" */,
				8E8F19CA2A4FE9760006BCBC /* XCRemoteSwiftPackageReference "OpenAI" */,
			);
			productRefGroup = 8E64872429C6E1B00029E14F /* Products */;
			projectDirPath = "";
			projectRoot = "";
			targets = (
				8E64872229C6E1B00029E14F /* AICat */,
			);
		};
/* End PBXProject section */

/* Begin PBXResourcesBuildPhase section */
		8E64872129C6E1B00029E14F /* Resources */ = {
			isa = PBXResourcesBuildPhase;
			buildActionMask = 2147483647;
			files = (
				8E64872E29C6E1B10029E14F /* Preview Assets.xcassets in Resources */,
				8E2128E629EEFB2700D50ADC /* Localizable.strings in Resources */,
				8E64872B29C6E1B10029E14F /* Assets.xcassets in Resources */,
				8E0F0ECD29CB3AF60011B4F7 /* Manrope.ttf in Resources */,
			);
			runOnlyForDeploymentPostprocessing = 0;
		};
/* End PBXResourcesBuildPhase section */

/* Begin PBXSourcesBuildPhase section */
		8E64871F29C6E1B00029E14F /* Sources */ = {
			isa = PBXSourcesBuildPhase;
			buildActionMask = 2147483647;
			files = (
				8EF5A5EB29E0729B00981A38 /* ParamsEditView.swift in Sources */,
				8E64872929C6E1B00029E14F /* CompactView.swift in Sources */,
				8E2128E129EC04F500D50ADC /* ShareMessagesImageOverlay.swift in Sources */,
				8E00BAF729FC3CCC00193F6B /* SharePickerView.swift in Sources */,
				8EE9264729D49B29005E6FB7 /* Bundle+Extension.swift in Sources */,
				8E3DA87D29DC6E6800327A2A /* LoadingIndocator.swift in Sources */,
				8EECA00A29C82E9D0021A6A1 /* AddConversationView.swift in Sources */,
				8E2E5BA529CC53CD00EE0072 /* Theme+Extension.swift in Sources */,
				8E00BAF529FC2E9100193F6B /* DocumentPicker.swift in Sources */,
				8E0F0ED129CB53570011B4F7 /* View+Extension.swift in Sources */,
				8E401DD029DE59A000E2F403 /* SystemUtil.swift in Sources */,
				8E401DD929EAC9F900E2F403 /* ToastVIew.swift in Sources */,
				8E64873B29C6FF750029E14F /* CatApi.swift in Sources */,
				8E64872729C6E1B00029E14F /* AICatApp.swift in Sources */,
				8E64874429C715740029E14F /* ChatMessage.swift in Sources */,
				8E2E5BAD29CC707B00EE0072 /* TextOutputFormat.swift in Sources */,
				8E64874729C719460029E14F /* Date+Extension.swift in Sources */,
				8E2EF25D29F04D7500E25C9A /* ImageRenderer+Extension.swift in Sources */,
				8EDB8E0D2A127D6A0088517E /* CloudKitService.swift in Sources */,
				8E2128E329ED7E8800D50ADC /* HapticEngine.swift in Sources */,
				8E64874229C713D30029E14F /* Conversation.swift in Sources */,
				8EECA01129C896B20021A6A1 /* Database+Extension.swift in Sources */,
				8EDB8E0F2A1284540088517E /* PushItem.swift in Sources */,
				8E64873529C6E2660029E14F /* ConversationView.swift in Sources */,
				8E2E5BB029CCC60700EE0072 /* MainView.swift in Sources */,
				8EECA00629C8097E0021A6A1 /* UerDefaults+Extension.swift in Sources */,
				8EF5A5DE29D8527000981A38 /* SplitView.swift in Sources */,
				8E0F0ECF29CB3BA60011B4F7 /* Font+Extension.swift in Sources */,
				8EC0742429F979DD00606DE9 /* OpenAISettingsView.swift in Sources */,
				8EFE2AB029E14F9C00C64B7C /* TextEditView.swift in Sources */,
				8E64874C29C788640029E14F /* ConversationListView.swift in Sources */,
				8EF5A5E929E0651A00981A38 /* SliderView.swift in Sources */,
				8E2E5BAE29CC707B00EE0072 /* SplashCodeSyntaxHighlighter.swift in Sources */,
				8E2128DF29EBE2CF00D50ADC /* ShareMessagesView.swift in Sources */,
				8E401DD529E7171100E2F403 /* PremiumView.swift in Sources */,
				8EECA01629CA07830021A6A1 /* MessageView.swift in Sources */,
				8E401DD729EA9E9A00E2F403 /* SKProduct+Extension.swift in Sources */,
				8EDB8E112A13DD8F0088517E /* StoreManager.swift in Sources */,
				8EDD4DD429DB0159009176A5 /* Credential.swift in Sources */,
				8EECA01329C8BC370021A6A1 /* SettingsView.swift in Sources */,
			);
			runOnlyForDeploymentPostprocessing = 0;
		};
/* End PBXSourcesBuildPhase section */

/* Begin PBXVariantGroup section */
		8E2128E829EEFB2700D50ADC /* Localizable.strings */ = {
			isa = PBXVariantGroup;
			children = (
				8E2128E729EEFB2700D50ADC /* zh-Hans */,
				8E2128E929EEFB2B00D50ADC /* en */,
				8E2128EA29EF0B9300D50ADC /* zh-Hant */,
				8E2128EB29EF0BAE00D50ADC /* ja */,
				8E2128EC29EF0BB800D50ADC /* ko */,
				8E2128ED29EF0BCF00D50ADC /* zh-HK */,
			);
			name = Localizable.strings;
			sourceTree = "<group>";
		};
/* End PBXVariantGroup section */

/* Begin XCBuildConfiguration section */
		8E64872F29C6E1B10029E14F /* Debug */ = {
			isa = XCBuildConfiguration;
			buildSettings = {
				ALWAYS_SEARCH_USER_PATHS = NO;
				CLANG_ANALYZER_NONNULL = YES;
				CLANG_ANALYZER_NUMBER_OBJECT_CONVERSION = YES_AGGRESSIVE;
				CLANG_CXX_LANGUAGE_STANDARD = "gnu++20";
				CLANG_ENABLE_MODULES = YES;
				CLANG_ENABLE_OBJC_ARC = YES;
				CLANG_ENABLE_OBJC_WEAK = YES;
				CLANG_WARN_BLOCK_CAPTURE_AUTORELEASING = YES;
				CLANG_WARN_BOOL_CONVERSION = YES;
				CLANG_WARN_COMMA = YES;
				CLANG_WARN_CONSTANT_CONVERSION = YES;
				CLANG_WARN_DEPRECATED_OBJC_IMPLEMENTATIONS = YES;
				CLANG_WARN_DIRECT_OBJC_ISA_USAGE = YES_ERROR;
				CLANG_WARN_DOCUMENTATION_COMMENTS = YES;
				CLANG_WARN_EMPTY_BODY = YES;
				CLANG_WARN_ENUM_CONVERSION = YES;
				CLANG_WARN_INFINITE_RECURSION = YES;
				CLANG_WARN_INT_CONVERSION = YES;
				CLANG_WARN_NON_LITERAL_NULL_CONVERSION = YES;
				CLANG_WARN_OBJC_IMPLICIT_RETAIN_SELF = YES;
				CLANG_WARN_OBJC_LITERAL_CONVERSION = YES;
				CLANG_WARN_OBJC_ROOT_CLASS = YES_ERROR;
				CLANG_WARN_QUOTED_INCLUDE_IN_FRAMEWORK_HEADER = YES;
				CLANG_WARN_RANGE_LOOP_ANALYSIS = YES;
				CLANG_WARN_STRICT_PROTOTYPES = YES;
				CLANG_WARN_SUSPICIOUS_MOVE = YES;
				CLANG_WARN_UNGUARDED_AVAILABILITY = YES_AGGRESSIVE;
				CLANG_WARN_UNREACHABLE_CODE = YES;
				CLANG_WARN__DUPLICATE_METHOD_MATCH = YES;
				COPY_PHASE_STRIP = NO;
				DEBUG_INFORMATION_FORMAT = dwarf;
				ENABLE_STRICT_OBJC_MSGSEND = YES;
				ENABLE_TESTABILITY = YES;
				GCC_C_LANGUAGE_STANDARD = gnu11;
				GCC_DYNAMIC_NO_PIC = NO;
				GCC_NO_COMMON_BLOCKS = YES;
				GCC_OPTIMIZATION_LEVEL = 0;
				GCC_PREPROCESSOR_DEFINITIONS = (
					"DEBUG=1",
					"$(inherited)",
				);
				GCC_WARN_64_TO_32_BIT_CONVERSION = YES;
				GCC_WARN_ABOUT_RETURN_TYPE = YES_ERROR;
				GCC_WARN_UNDECLARED_SELECTOR = YES;
				GCC_WARN_UNINITIALIZED_AUTOS = YES_AGGRESSIVE;
				GCC_WARN_UNUSED_FUNCTION = YES;
				GCC_WARN_UNUSED_VARIABLE = YES;
				IPHONEOS_DEPLOYMENT_TARGET = 16.4;
				MACOSX_DEPLOYMENT_TARGET = 13.3;
				MTL_ENABLE_DEBUG_INFO = INCLUDE_SOURCE;
				MTL_FAST_MATH = YES;
				ONLY_ACTIVE_ARCH = YES;
				SDKROOT = iphoneos;
				SWIFT_ACTIVE_COMPILATION_CONDITIONS = DEBUG;
				SWIFT_OPTIMIZATION_LEVEL = "-Onone";
			};
			name = Debug;
		};
		8E64873029C6E1B10029E14F /* Release */ = {
			isa = XCBuildConfiguration;
			buildSettings = {
				ALWAYS_SEARCH_USER_PATHS = NO;
				CLANG_ANALYZER_NONNULL = YES;
				CLANG_ANALYZER_NUMBER_OBJECT_CONVERSION = YES_AGGRESSIVE;
				CLANG_CXX_LANGUAGE_STANDARD = "gnu++20";
				CLANG_ENABLE_MODULES = YES;
				CLANG_ENABLE_OBJC_ARC = YES;
				CLANG_ENABLE_OBJC_WEAK = YES;
				CLANG_WARN_BLOCK_CAPTURE_AUTORELEASING = YES;
				CLANG_WARN_BOOL_CONVERSION = YES;
				CLANG_WARN_COMMA = YES;
				CLANG_WARN_CONSTANT_CONVERSION = YES;
				CLANG_WARN_DEPRECATED_OBJC_IMPLEMENTATIONS = YES;
				CLANG_WARN_DIRECT_OBJC_ISA_USAGE = YES_ERROR;
				CLANG_WARN_DOCUMENTATION_COMMENTS = YES;
				CLANG_WARN_EMPTY_BODY = YES;
				CLANG_WARN_ENUM_CONVERSION = YES;
				CLANG_WARN_INFINITE_RECURSION = YES;
				CLANG_WARN_INT_CONVERSION = YES;
				CLANG_WARN_NON_LITERAL_NULL_CONVERSION = YES;
				CLANG_WARN_OBJC_IMPLICIT_RETAIN_SELF = YES;
				CLANG_WARN_OBJC_LITERAL_CONVERSION = YES;
				CLANG_WARN_OBJC_ROOT_CLASS = YES_ERROR;
				CLANG_WARN_QUOTED_INCLUDE_IN_FRAMEWORK_HEADER = YES;
				CLANG_WARN_RANGE_LOOP_ANALYSIS = YES;
				CLANG_WARN_STRICT_PROTOTYPES = YES;
				CLANG_WARN_SUSPICIOUS_MOVE = YES;
				CLANG_WARN_UNGUARDED_AVAILABILITY = YES_AGGRESSIVE;
				CLANG_WARN_UNREACHABLE_CODE = YES;
				CLANG_WARN__DUPLICATE_METHOD_MATCH = YES;
				COPY_PHASE_STRIP = NO;
				DEBUG_INFORMATION_FORMAT = "dwarf-with-dsym";
				ENABLE_NS_ASSERTIONS = NO;
				ENABLE_STRICT_OBJC_MSGSEND = YES;
				GCC_C_LANGUAGE_STANDARD = gnu11;
				GCC_NO_COMMON_BLOCKS = YES;
				GCC_WARN_64_TO_32_BIT_CONVERSION = YES;
				GCC_WARN_ABOUT_RETURN_TYPE = YES_ERROR;
				GCC_WARN_UNDECLARED_SELECTOR = YES;
				GCC_WARN_UNINITIALIZED_AUTOS = YES_AGGRESSIVE;
				GCC_WARN_UNUSED_FUNCTION = YES;
				GCC_WARN_UNUSED_VARIABLE = YES;
				IPHONEOS_DEPLOYMENT_TARGET = 16.4;
				MACOSX_DEPLOYMENT_TARGET = 13.3;
				MTL_ENABLE_DEBUG_INFO = NO;
				MTL_FAST_MATH = YES;
				SDKROOT = iphoneos;
				SWIFT_COMPILATION_MODE = wholemodule;
				SWIFT_OPTIMIZATION_LEVEL = "-O";
				VALIDATE_PRODUCT = YES;
			};
			name = Release;
		};
		8E64873229C6E1B10029E14F /* Debug */ = {
			isa = XCBuildConfiguration;
			buildSettings = {
				ASSETCATALOG_COMPILER_APPICON_NAME = AppIcon;
				ASSETCATALOG_COMPILER_GLOBAL_ACCENT_COLOR_NAME = AccentColor;
				ASSETCATALOG_COMPILER_INCLUDE_ALL_APPICON_ASSETS = NO;
				CODE_SIGN_ENTITLEMENTS = AICat/AICat.entitlements;
				"CODE_SIGN_IDENTITY[sdk=macosx*]" = "Apple Development";
				CODE_SIGN_STYLE = Automatic;
				CURRENT_PROJECT_VERSION = 47;
				DEVELOPMENT_ASSET_PATHS = "\"AICat/Preview Content\"";
				DEVELOPMENT_TEAM = BG63VCU95W;
				ENABLE_APP_SANDBOX = NO;
				ENABLE_PREVIEWS = YES;
				GENERATE_INFOPLIST_FILE = YES;
				INFOPLIST_FILE = AICat/Info.plist;
				INFOPLIST_KEY_CFBundleDisplayName = AICat;
				INFOPLIST_KEY_LSApplicationCategoryType = "public.app-category.productivity";
				INFOPLIST_KEY_UIApplicationSceneManifest_Generation = YES;
				INFOPLIST_KEY_UIApplicationSupportsIndirectInputEvents = YES;
				INFOPLIST_KEY_UILaunchScreen_Generation = YES;
				INFOPLIST_KEY_UIRequiresFullScreen = NO;
				INFOPLIST_KEY_UISupportedInterfaceOrientations = UIInterfaceOrientationPortrait;
				INFOPLIST_KEY_UISupportedInterfaceOrientations_iPad = "UIInterfaceOrientationLandscapeLeft UIInterfaceOrientationLandscapeRight UIInterfaceOrientationPortrait UIInterfaceOrientationPortraitUpsideDown";
				IPHONEOS_DEPLOYMENT_TARGET = 15.0;
				LD_RUNPATH_SEARCH_PATHS = (
					"$(inherited)",
					"@executable_path/Frameworks",
				);
				MACOSX_DEPLOYMENT_TARGET = 13.0;
				MARKETING_VERSION = 1.0.4;
				PRODUCT_BUNDLE_IDENTIFIER = app.epoch.AICat;
				PRODUCT_NAME = "$(TARGET_NAME)";
				SUPPORTED_PLATFORMS = "iphoneos iphonesimulator macosx";
				SUPPORTS_MACCATALYST = NO;
				SUPPORTS_MAC_DESIGNED_FOR_IPHONE_IPAD = NO;
				SWIFT_EMIT_LOC_STRINGS = YES;
				SWIFT_VERSION = 5.0;
				TARGETED_DEVICE_FAMILY = "1,2";
			};
			name = Debug;
		};
		8E64873329C6E1B10029E14F /* Release */ = {
			isa = XCBuildConfiguration;
			buildSettings = {
				ASSETCATALOG_COMPILER_APPICON_NAME = AppIcon;
				ASSETCATALOG_COMPILER_GLOBAL_ACCENT_COLOR_NAME = AccentColor;
				ASSETCATALOG_COMPILER_INCLUDE_ALL_APPICON_ASSETS = NO;
				CODE_SIGN_ENTITLEMENTS = AICat/AICat.entitlements;
				"CODE_SIGN_IDENTITY[sdk=macosx*]" = "Apple Development";
				CODE_SIGN_STYLE = Automatic;
				CURRENT_PROJECT_VERSION = 47;
				DEVELOPMENT_ASSET_PATHS = "\"AICat/Preview Content\"";
				DEVELOPMENT_TEAM = BG63VCU95W;
				ENABLE_APP_SANDBOX = NO;
				ENABLE_PREVIEWS = YES;
				GENERATE_INFOPLIST_FILE = YES;
				INFOPLIST_FILE = AICat/Info.plist;
				INFOPLIST_KEY_CFBundleDisplayName = AICat;
				INFOPLIST_KEY_LSApplicationCategoryType = "public.app-category.productivity";
				INFOPLIST_KEY_UIApplicationSceneManifest_Generation = YES;
				INFOPLIST_KEY_UIApplicationSupportsIndirectInputEvents = YES;
				INFOPLIST_KEY_UILaunchScreen_Generation = YES;
				INFOPLIST_KEY_UIRequiresFullScreen = NO;
				INFOPLIST_KEY_UISupportedInterfaceOrientations = UIInterfaceOrientationPortrait;
				INFOPLIST_KEY_UISupportedInterfaceOrientations_iPad = "UIInterfaceOrientationLandscapeLeft UIInterfaceOrientationLandscapeRight UIInterfaceOrientationPortrait UIInterfaceOrientationPortraitUpsideDown";
				IPHONEOS_DEPLOYMENT_TARGET = 15.0;
				LD_RUNPATH_SEARCH_PATHS = (
					"$(inherited)",
					"@executable_path/Frameworks",
				);
				MACOSX_DEPLOYMENT_TARGET = 13.0;
				MARKETING_VERSION = 1.0.4;
				PRODUCT_BUNDLE_IDENTIFIER = app.epoch.AICat;
				PRODUCT_NAME = "$(TARGET_NAME)";
				SUPPORTED_PLATFORMS = "iphoneos iphonesimulator macosx";
				SUPPORTS_MACCATALYST = NO;
				SUPPORTS_MAC_DESIGNED_FOR_IPHONE_IPAD = NO;
				SWIFT_EMIT_LOC_STRINGS = YES;
				SWIFT_VERSION = 5.0;
				TARGETED_DEVICE_FAMILY = "1,2";
			};
			name = Release;
		};
/* End XCBuildConfiguration section */

/* Begin XCConfigurationList section */
		8E64871E29C6E1B00029E14F /* Build configuration list for PBXProject "AICat" */ = {
			isa = XCConfigurationList;
			buildConfigurations = (
				8E64872F29C6E1B10029E14F /* Debug */,
				8E64873029C6E1B10029E14F /* Release */,
			);
			defaultConfigurationIsVisible = 0;
			defaultConfigurationName = Release;
		};
		8E64873129C6E1B10029E14F /* Build configuration list for PBXNativeTarget "AICat" */ = {
			isa = XCConfigurationList;
			buildConfigurations = (
				8E64873229C6E1B10029E14F /* Debug */,
				8E64873329C6E1B10029E14F /* Release */,
			);
			defaultConfigurationIsVisible = 0;
			defaultConfigurationName = Release;
		};
/* End XCConfigurationList section */

/* Begin XCRemoteSwiftPackageReference section */
		8E2E5BA129CC519D00EE0072 /* XCRemoteSwiftPackageReference "swift-markdown-ui" */ = {
			isa = XCRemoteSwiftPackageReference;
			repositoryURL = "https://github.com/gonzalezreal/swift-markdown-ui";
			requirement = {
				kind = exactVersion;
				version = 2.0.2;
			};
		};
		8E2E5BA629CC6FF500EE0072 /* XCRemoteSwiftPackageReference "Splash" */ = {
			isa = XCRemoteSwiftPackageReference;
			repositoryURL = "https://github.com/JohnSundell/Splash.git";
			requirement = {
				kind = exactVersion;
				version = 0.16.0;
			};
		};
		8E2EF25729F02E4900E25C9A /* XCRemoteSwiftPackageReference "ApphudSDK" */ = {
			isa = XCRemoteSwiftPackageReference;
			repositoryURL = "https://github.com/Panl/ApphudSDK.git";
			requirement = {
				branch = master;
				kind = branch;
			};
		};
		8E64873629C6FBD90029E14F /* XCRemoteSwiftPackageReference "Alamofire" */ = {
			isa = XCRemoteSwiftPackageReference;
			repositoryURL = "https://github.com/Alamofire/Alamofire.git";
			requirement = {
				kind = exactVersion;
				version = 5.6.4;
			};
		};
		8E64873D29C70FD00029E14F /* XCRemoteSwiftPackageReference "Blackbird" */ = {
			isa = XCRemoteSwiftPackageReference;
			repositoryURL = "https://github.com/marcoarment/Blackbird";
			requirement = {
				branch = main;
				kind = branch;
			};
		};
		8E811E9A29F1A05E0007A386 /* XCRemoteSwiftPackageReference "swift-composable-architecture" */ = {
			isa = XCRemoteSwiftPackageReference;
			repositoryURL = "https://github.com/pointfreeco/swift-composable-architecture.git";
			requirement = {
				kind = exactVersion;
				version = 0.52.0;
			};
		};
		8E8F19CA2A4FE9760006BCBC /* XCRemoteSwiftPackageReference "OpenAI" */ = {
			isa = XCRemoteSwiftPackageReference;
			repositoryURL = "https://github.com/MacPaw/OpenAI.git";
			requirement = {
				branch = main;
				kind = branch;
			};
		};
		8EF5A5DF29D92DBF00981A38 /* XCRemoteSwiftPackageReference "appcenter-sdk-apple" */ = {
			isa = XCRemoteSwiftPackageReference;
			repositoryURL = "https://github.com/microsoft/appcenter-sdk-apple.git";
			requirement = {
				kind = exactVersion;
				version = 5.0.2;
			};
		};
/* End XCRemoteSwiftPackageReference section */

/* Begin XCSwiftPackageProductDependency section */
		8E2E5BA229CC519D00EE0072 /* MarkdownUI */ = {
			isa = XCSwiftPackageProductDependency;
			package = 8E2E5BA129CC519D00EE0072 /* XCRemoteSwiftPackageReference "swift-markdown-ui" */;
			productName = MarkdownUI;
		};
		8E2E5BA729CC6FF500EE0072 /* Splash */ = {
			isa = XCSwiftPackageProductDependency;
			package = 8E2E5BA629CC6FF500EE0072 /* XCRemoteSwiftPackageReference "Splash" */;
			productName = Splash;
		};
		8E2EF25829F02E4900E25C9A /* ApphudSDK */ = {
			isa = XCSwiftPackageProductDependency;
			package = 8E2EF25729F02E4900E25C9A /* XCRemoteSwiftPackageReference "ApphudSDK" */;
			productName = ApphudSDK;
		};
		8E64873729C6FBD90029E14F /* Alamofire */ = {
			isa = XCSwiftPackageProductDependency;
			package = 8E64873629C6FBD90029E14F /* XCRemoteSwiftPackageReference "Alamofire" */;
			productName = Alamofire;
		};
		8E64873E29C70FD00029E14F /* Blackbird */ = {
			isa = XCSwiftPackageProductDependency;
			package = 8E64873D29C70FD00029E14F /* XCRemoteSwiftPackageReference "Blackbird" */;
			productName = Blackbird;
		};
		8E811E9B29F1A05E0007A386 /* ComposableArchitecture */ = {
			isa = XCSwiftPackageProductDependency;
			package = 8E811E9A29F1A05E0007A386 /* XCRemoteSwiftPackageReference "swift-composable-architecture" */;
			productName = ComposableArchitecture;
		};
		8E8F19CB2A4FE9760006BCBC /* OpenAI */ = {
			isa = XCSwiftPackageProductDependency;
			package = 8E8F19CA2A4FE9760006BCBC /* XCRemoteSwiftPackageReference "OpenAI" */;
			productName = OpenAI;
		};
		8EF5A5E029D92DBF00981A38 /* AppCenterAnalytics */ = {
			isa = XCSwiftPackageProductDependency;
			package = 8EF5A5DF29D92DBF00981A38 /* XCRemoteSwiftPackageReference "appcenter-sdk-apple" */;
			productName = AppCenterAnalytics;
		};
		8EF5A5E229D92DBF00981A38 /* AppCenterCrashes */ = {
			isa = XCSwiftPackageProductDependency;
			package = 8EF5A5DF29D92DBF00981A38 /* XCRemoteSwiftPackageReference "appcenter-sdk-apple" */;
			productName = AppCenterCrashes;
		};
/* End XCSwiftPackageProductDependency section */
	};
	rootObject = 8E64871B29C6E1B00029E14F /* Project object */;
}
