// !$*UTF8*$!
{
	archiveVersion = 1;
	classes = {
	};
	objectVersion = 56;
	objects = {

/* Begin PBXBuildFile section */
		8E64872729C6E1B00029E14F /* AICatApp.swift in Sources */ = {isa = PBXBuildFile; fileRef = 8E64872629C6E1B00029E14F /* AICatApp.swift */; };
		8E64872929C6E1B00029E14F /* ContentView.swift in Sources */ = {isa = PBXBuildFile; fileRef = 8E64872829C6E1B00029E14F /* ContentView.swift */; };
		8E64872B29C6E1B10029E14F /* Assets.xcassets in Resources */ = {isa = PBXBuildFile; fileRef = 8E64872A29C6E1B10029E14F /* Assets.xcassets */; };
		8E64872E29C6E1B10029E14F /* Preview Assets.xcassets in Resources */ = {isa = PBXBuildFile; fileRef = 8E64872D29C6E1B10029E14F /* Preview Assets.xcassets */; };
		8E64873529C6E2660029E14F /* ConversationView.swift in Sources */ = {isa = PBXBuildFile; fileRef = 8E64873429C6E2660029E14F /* ConversationView.swift */; };
		8E64873829C6FBD90029E14F /* Alamofire in Frameworks */ = {isa = PBXBuildFile; productRef = 8E64873729C6FBD90029E14F /* Alamofire */; };
		8E64873B29C6FF750029E14F /* CatApi.swift in Sources */ = {isa = PBXBuildFile; fileRef = 8E64873A29C6FF750029E14F /* CatApi.swift */; };
		8E64873F29C70FD00029E14F /* Blackbird in Frameworks */ = {isa = PBXBuildFile; productRef = 8E64873E29C70FD00029E14F /* Blackbird */; };
		8E64874229C713D30029E14F /* Conversation.swift in Sources */ = {isa = PBXBuildFile; fileRef = 8E64874129C713D30029E14F /* Conversation.swift */; };
		8E64874429C715740029E14F /* ChatMessage.swift in Sources */ = {isa = PBXBuildFile; fileRef = 8E64874329C715740029E14F /* ChatMessage.swift */; };
		8E64874729C719460029E14F /* Date+Extension.swift in Sources */ = {isa = PBXBuildFile; fileRef = 8E64874629C719460029E14F /* Date+Extension.swift */; };
		8E64874C29C788640029E14F /* ConversationListView.swift in Sources */ = {isa = PBXBuildFile; fileRef = 8E64874B29C788640029E14F /* ConversationListView.swift */; };
		8EECA00629C8097E0021A6A1 /* UerDefaults+Extension.swift in Sources */ = {isa = PBXBuildFile; fileRef = 8EECA00529C8097E0021A6A1 /* UerDefaults+Extension.swift */; };
		8EECA00A29C82E9D0021A6A1 /* AddConversationView.swift in Sources */ = {isa = PBXBuildFile; fileRef = 8EECA00929C82E9D0021A6A1 /* AddConversationView.swift */; };
		8EECA00C29C82ECB0021A6A1 /* AddApiKeyView.swift in Sources */ = {isa = PBXBuildFile; fileRef = 8EECA00B29C82ECB0021A6A1 /* AddApiKeyView.swift */; };
		8EECA01129C896B20021A6A1 /* Database+Extension.swift in Sources */ = {isa = PBXBuildFile; fileRef = 8EECA01029C896B20021A6A1 /* Database+Extension.swift */; };
		8EECA01329C8BC370021A6A1 /* SettingsView.swift in Sources */ = {isa = PBXBuildFile; fileRef = 8EECA01229C8BC370021A6A1 /* SettingsView.swift */; };
/* End PBXBuildFile section */

/* Begin PBXFileReference section */
		8E64872329C6E1B00029E14F /* AICat.app */ = {isa = PBXFileReference; explicitFileType = wrapper.application; includeInIndex = 0; path = AICat.app; sourceTree = BUILT_PRODUCTS_DIR; };
		8E64872629C6E1B00029E14F /* AICatApp.swift */ = {isa = PBXFileReference; lastKnownFileType = sourcecode.swift; path = AICatApp.swift; sourceTree = "<group>"; };
		8E64872829C6E1B00029E14F /* ContentView.swift */ = {isa = PBXFileReference; lastKnownFileType = sourcecode.swift; path = ContentView.swift; sourceTree = "<group>"; };
		8E64872A29C6E1B10029E14F /* Assets.xcassets */ = {isa = PBXFileReference; lastKnownFileType = folder.assetcatalog; path = Assets.xcassets; sourceTree = "<group>"; };
		8E64872D29C6E1B10029E14F /* Preview Assets.xcassets */ = {isa = PBXFileReference; lastKnownFileType = folder.assetcatalog; path = "Preview Assets.xcassets"; sourceTree = "<group>"; };
		8E64873429C6E2660029E14F /* ConversationView.swift */ = {isa = PBXFileReference; lastKnownFileType = sourcecode.swift; path = ConversationView.swift; sourceTree = "<group>"; };
		8E64873A29C6FF750029E14F /* CatApi.swift */ = {isa = PBXFileReference; lastKnownFileType = sourcecode.swift; path = CatApi.swift; sourceTree = "<group>"; };
		8E64874129C713D30029E14F /* Conversation.swift */ = {isa = PBXFileReference; lastKnownFileType = sourcecode.swift; path = Conversation.swift; sourceTree = "<group>"; };
		8E64874329C715740029E14F /* ChatMessage.swift */ = {isa = PBXFileReference; lastKnownFileType = sourcecode.swift; path = ChatMessage.swift; sourceTree = "<group>"; };
		8E64874629C719460029E14F /* Date+Extension.swift */ = {isa = PBXFileReference; lastKnownFileType = sourcecode.swift; path = "Date+Extension.swift"; sourceTree = "<group>"; };
		8E64874929C759970029E14F /* libsqlite3.0.tbd */ = {isa = PBXFileReference; lastKnownFileType = "sourcecode.text-based-dylib-definition"; name = libsqlite3.0.tbd; path = usr/lib/libsqlite3.0.tbd; sourceTree = SDKROOT; };
		8E64874A29C75A1C0029E14F /* libsqlite3.tbd */ = {isa = PBXFileReference; lastKnownFileType = "sourcecode.text-based-dylib-definition"; name = libsqlite3.tbd; path = usr/lib/libsqlite3.tbd; sourceTree = SDKROOT; };
		8E64874B29C788640029E14F /* ConversationListView.swift */ = {isa = PBXFileReference; lastKnownFileType = sourcecode.swift; path = ConversationListView.swift; sourceTree = "<group>"; };
		8EECA00529C8097E0021A6A1 /* UerDefaults+Extension.swift */ = {isa = PBXFileReference; lastKnownFileType = sourcecode.swift; path = "UerDefaults+Extension.swift"; sourceTree = "<group>"; };
		8EECA00929C82E9D0021A6A1 /* AddConversationView.swift */ = {isa = PBXFileReference; lastKnownFileType = sourcecode.swift; path = AddConversationView.swift; sourceTree = "<group>"; };
		8EECA00B29C82ECB0021A6A1 /* AddApiKeyView.swift */ = {isa = PBXFileReference; lastKnownFileType = sourcecode.swift; path = AddApiKeyView.swift; sourceTree = "<group>"; };
		8EECA00D29C83BDB0021A6A1 /* Info.plist */ = {isa = PBXFileReference; lastKnownFileType = text.plist; path = Info.plist; sourceTree = "<group>"; };
		8EECA01029C896B20021A6A1 /* Database+Extension.swift */ = {isa = PBXFileReference; lastKnownFileType = sourcecode.swift; path = "Database+Extension.swift"; sourceTree = "<group>"; };
		8EECA01229C8BC370021A6A1 /* SettingsView.swift */ = {isa = PBXFileReference; lastKnownFileType = sourcecode.swift; path = SettingsView.swift; sourceTree = "<group>"; };
/* End PBXFileReference section */

/* Begin PBXFrameworksBuildPhase section */
		8E64872029C6E1B00029E14F /* Frameworks */ = {
			isa = PBXFrameworksBuildPhase;
			buildActionMask = 2147483647;
			files = (
				8E64873829C6FBD90029E14F /* Alamofire in Frameworks */,
				8E64873F29C70FD00029E14F /* Blackbird in Frameworks */,
			);
			runOnlyForDeploymentPostprocessing = 0;
		};
/* End PBXFrameworksBuildPhase section */

/* Begin PBXGroup section */
		8E64871A29C6E1B00029E14F = {
			isa = PBXGroup;
			children = (
				8E64872529C6E1B00029E14F /* AICat */,
				8E64872429C6E1B00029E14F /* Products */,
				8E64874829C759970029E14F /* Frameworks */,
			);
			sourceTree = "<group>";
		};
		8E64872429C6E1B00029E14F /* Products */ = {
			isa = PBXGroup;
			children = (
				8E64872329C6E1B00029E14F /* AICat.app */,
			);
			name = Products;
			sourceTree = "<group>";
		};
		8E64872529C6E1B00029E14F /* AICat */ = {
			isa = PBXGroup;
			children = (
				8EECA00D29C83BDB0021A6A1 /* Info.plist */,
				8EECA00829C82E410021A6A1 /* Pages */,
				8E64874529C7192D0029E14F /* Extension */,
				8E64873C29C701B00029E14F /* Model */,
				8E64873929C6FDD40029E14F /* Networking */,
				8E64872629C6E1B00029E14F /* AICatApp.swift */,
				8E64872A29C6E1B10029E14F /* Assets.xcassets */,
				8E64872C29C6E1B10029E14F /* Preview Content */,
			);
			path = AICat;
			sourceTree = "<group>";
		};
		8E64872C29C6E1B10029E14F /* Preview Content */ = {
			isa = PBXGroup;
			children = (
				8E64872D29C6E1B10029E14F /* Preview Assets.xcassets */,
			);
			path = "Preview Content";
			sourceTree = "<group>";
		};
		8E64873929C6FDD40029E14F /* Networking */ = {
			isa = PBXGroup;
			children = (
				8E64873A29C6FF750029E14F /* CatApi.swift */,
			);
			path = Networking;
			sourceTree = "<group>";
		};
		8E64873C29C701B00029E14F /* Model */ = {
			isa = PBXGroup;
			children = (
				8E64874129C713D30029E14F /* Conversation.swift */,
				8E64874329C715740029E14F /* ChatMessage.swift */,
			);
			path = Model;
			sourceTree = "<group>";
		};
		8E64874529C7192D0029E14F /* Extension */ = {
			isa = PBXGroup;
			children = (
				8E64874629C719460029E14F /* Date+Extension.swift */,
				8EECA00529C8097E0021A6A1 /* UerDefaults+Extension.swift */,
				8EECA01029C896B20021A6A1 /* Database+Extension.swift */,
			);
			path = Extension;
			sourceTree = "<group>";
		};
		8E64874829C759970029E14F /* Frameworks */ = {
			isa = PBXGroup;
			children = (
				8E64874A29C75A1C0029E14F /* libsqlite3.tbd */,
				8E64874929C759970029E14F /* libsqlite3.0.tbd */,
			);
			name = Frameworks;
			sourceTree = "<group>";
		};
		8EECA00829C82E410021A6A1 /* Pages */ = {
			isa = PBXGroup;
			children = (
				8E64872829C6E1B00029E14F /* ContentView.swift */,
				8E64873429C6E2660029E14F /* ConversationView.swift */,
				8E64874B29C788640029E14F /* ConversationListView.swift */,
				8EECA00929C82E9D0021A6A1 /* AddConversationView.swift */,
				8EECA00B29C82ECB0021A6A1 /* AddApiKeyView.swift */,
				8EECA01229C8BC370021A6A1 /* SettingsView.swift */,
			);
			path = Pages;
			sourceTree = "<group>";
		};
/* End PBXGroup section */

/* Begin PBXNativeTarget section */
		8E64872229C6E1B00029E14F /* AICat */ = {
			isa = PBXNativeTarget;
			buildConfigurationList = 8E64873129C6E1B10029E14F /* Build configuration list for PBXNativeTarget "AICat" */;
			buildPhases = (
				8E64871F29C6E1B00029E14F /* Sources */,
				8E64872029C6E1B00029E14F /* Frameworks */,
				8E64872129C6E1B00029E14F /* Resources */,
			);
			buildRules = (
			);
			dependencies = (
			);
			name = AICat;
			packageProductDependencies = (
				8E64873729C6FBD90029E14F /* Alamofire */,
				8E64873E29C70FD00029E14F /* Blackbird */,
			);
			productName = AICat;
			productReference = 8E64872329C6E1B00029E14F /* AICat.app */;
			productType = "com.apple.product-type.application";
		};
/* End PBXNativeTarget section */

/* Begin PBXProject section */
		8E64871B29C6E1B00029E14F /* Project object */ = {
			isa = PBXProject;
			attributes = {
				BuildIndependentTargetsInParallel = 1;
				LastSwiftUpdateCheck = 1420;
				LastUpgradeCheck = 1420;
				TargetAttributes = {
					8E64872229C6E1B00029E14F = {
						CreatedOnToolsVersion = 14.2;
					};
				};
			};
			buildConfigurationList = 8E64871E29C6E1B00029E14F /* Build configuration list for PBXProject "AICat" */;
			compatibilityVersion = "Xcode 14.0";
			developmentRegion = en;
			hasScannedForEncodings = 0;
			knownRegions = (
				en,
				Base,
			);
			mainGroup = 8E64871A29C6E1B00029E14F;
			packageReferences = (
				8E64873629C6FBD90029E14F /* XCRemoteSwiftPackageReference "Alamofire" */,
				8E64873D29C70FD00029E14F /* XCRemoteSwiftPackageReference "Blackbird" */,
			);
			productRefGroup = 8E64872429C6E1B00029E14F /* Products */;
			projectDirPath = "";
			projectRoot = "";
			targets = (
				8E64872229C6E1B00029E14F /* AICat */,
			);
		};
/* End PBXProject section */

/* Begin PBXResourcesBuildPhase section */
		8E64872129C6E1B00029E14F /* Resources */ = {
			isa = PBXResourcesBuildPhase;
			buildActionMask = 2147483647;
			files = (
				8E64872E29C6E1B10029E14F /* Preview Assets.xcassets in Resources */,
				8E64872B29C6E1B10029E14F /* Assets.xcassets in Resources */,
			);
			runOnlyForDeploymentPostprocessing = 0;
		};
/* End PBXResourcesBuildPhase section */

/* Begin PBXSourcesBuildPhase section */
		8E64871F29C6E1B00029E14F /* Sources */ = {
			isa = PBXSourcesBuildPhase;
			buildActionMask = 2147483647;
			files = (
				8E64872929C6E1B00029E14F /* ContentView.swift in Sources */,
				8EECA00A29C82E9D0021A6A1 /* AddConversationView.swift in Sources */,
				8E64873B29C6FF750029E14F /* CatApi.swift in Sources */,
				8EECA00C29C82ECB0021A6A1 /* AddApiKeyView.swift in Sources */,
				8E64872729C6E1B00029E14F /* AICatApp.swift in Sources */,
				8E64874429C715740029E14F /* ChatMessage.swift in Sources */,
				8E64874729C719460029E14F /* Date+Extension.swift in Sources */,
				8E64874229C713D30029E14F /* Conversation.swift in Sources */,
				8EECA01129C896B20021A6A1 /* Database+Extension.swift in Sources */,
				8E64873529C6E2660029E14F /* ConversationView.swift in Sources */,
				8EECA00629C8097E0021A6A1 /* UerDefaults+Extension.swift in Sources */,
				8E64874C29C788640029E14F /* ConversationListView.swift in Sources */,
				8EECA01329C8BC370021A6A1 /* SettingsView.swift in Sources */,
			);
			runOnlyForDeploymentPostprocessing = 0;
		};
/* End PBXSourcesBuildPhase section */

/* Begin XCBuildConfiguration section */
		8E64872F29C6E1B10029E14F /* Debug */ = {
			isa = XCBuildConfiguration;
			buildSettings = {
				ALWAYS_SEARCH_USER_PATHS = NO;
				CLANG_ANALYZER_NONNULL = YES;
				CLANG_ANALYZER_NUMBER_OBJECT_CONVERSION = YES_AGGRESSIVE;
				CLANG_CXX_LANGUAGE_STANDARD = "gnu++20";
				CLANG_ENABLE_MODULES = YES;
				CLANG_ENABLE_OBJC_ARC = YES;
				CLANG_ENABLE_OBJC_WEAK = YES;
				CLANG_WARN_BLOCK_CAPTURE_AUTORELEASING = YES;
				CLANG_WARN_BOOL_CONVERSION = YES;
				CLANG_WARN_COMMA = YES;
				CLANG_WARN_CONSTANT_CONVERSION = YES;
				CLANG_WARN_DEPRECATED_OBJC_IMPLEMENTATIONS = YES;
				CLANG_WARN_DIRECT_OBJC_ISA_USAGE = YES_ERROR;
				CLANG_WARN_DOCUMENTATION_COMMENTS = YES;
				CLANG_WARN_EMPTY_BODY = YES;
				CLANG_WARN_ENUM_CONVERSION = YES;
				CLANG_WARN_INFINITE_RECURSION = YES;
				CLANG_WARN_INT_CONVERSION = YES;
				CLANG_WARN_NON_LITERAL_NULL_CONVERSION = YES;
				CLANG_WARN_OBJC_IMPLICIT_RETAIN_SELF = YES;
				CLANG_WARN_OBJC_LITERAL_CONVERSION = YES;
				CLANG_WARN_OBJC_ROOT_CLASS = YES_ERROR;
				CLANG_WARN_QUOTED_INCLUDE_IN_FRAMEWORK_HEADER = YES;
				CLANG_WARN_RANGE_LOOP_ANALYSIS = YES;
				CLANG_WARN_STRICT_PROTOTYPES = YES;
				CLANG_WARN_SUSPICIOUS_MOVE = YES;
				CLANG_WARN_UNGUARDED_AVAILABILITY = YES_AGGRESSIVE;
				CLANG_WARN_UNREACHABLE_CODE = YES;
				CLANG_WARN__DUPLICATE_METHOD_MATCH = YES;
				COPY_PHASE_STRIP = NO;
				DEBUG_INFORMATION_FORMAT = dwarf;
				ENABLE_STRICT_OBJC_MSGSEND = YES;
				ENABLE_TESTABILITY = YES;
				GCC_C_LANGUAGE_STANDARD = gnu11;
				GCC_DYNAMIC_NO_PIC = NO;
				GCC_NO_COMMON_BLOCKS = YES;
				GCC_OPTIMIZATION_LEVEL = 0;
				GCC_PREPROCESSOR_DEFINITIONS = (
					"DEBUG=1",
					"$(inherited)",
				);
				GCC_WARN_64_TO_32_BIT_CONVERSION = YES;
				GCC_WARN_ABOUT_RETURN_TYPE = YES_ERROR;
				GCC_WARN_UNDECLARED_SELECTOR = YES;
				GCC_WARN_UNINITIALIZED_AUTOS = YES_AGGRESSIVE;
				GCC_WARN_UNUSED_FUNCTION = YES;
				GCC_WARN_UNUSED_VARIABLE = YES;
				IPHONEOS_DEPLOYMENT_TARGET = 16.2;
				MTL_ENABLE_DEBUG_INFO = INCLUDE_SOURCE;
				MTL_FAST_MATH = YES;
				ONLY_ACTIVE_ARCH = YES;
				SDKROOT = iphoneos;
				SWIFT_ACTIVE_COMPILATION_CONDITIONS = DEBUG;
				SWIFT_OPTIMIZATION_LEVEL = "-Onone";
			};
			name = Debug;
		};
		8E64873029C6E1B10029E14F /* Release */ = {
			isa = XCBuildConfiguration;
			buildSettings = {
				ALWAYS_SEARCH_USER_PATHS = NO;
				CLANG_ANALYZER_NONNULL = YES;
				CLANG_ANALYZER_NUMBER_OBJECT_CONVERSION = YES_AGGRESSIVE;
				CLANG_CXX_LANGUAGE_STANDARD = "gnu++20";
				CLANG_ENABLE_MODULES = YES;
				CLANG_ENABLE_OBJC_ARC = YES;
				CLANG_ENABLE_OBJC_WEAK = YES;
				CLANG_WARN_BLOCK_CAPTURE_AUTORELEASING = YES;
				CLANG_WARN_BOOL_CONVERSION = YES;
				CLANG_WARN_COMMA = YES;
				CLANG_WARN_CONSTANT_CONVERSION = YES;
				CLANG_WARN_DEPRECATED_OBJC_IMPLEMENTATIONS = YES;
				CLANG_WARN_DIRECT_OBJC_ISA_USAGE = YES_ERROR;
				CLANG_WARN_DOCUMENTATION_COMMENTS = YES;
				CLANG_WARN_EMPTY_BODY = YES;
				CLANG_WARN_ENUM_CONVERSION = YES;
				CLANG_WARN_INFINITE_RECURSION = YES;
				CLANG_WARN_INT_CONVERSION = YES;
				CLANG_WARN_NON_LITERAL_NULL_CONVERSION = YES;
				CLANG_WARN_OBJC_IMPLICIT_RETAIN_SELF = YES;
				CLANG_WARN_OBJC_LITERAL_CONVERSION = YES;
				CLANG_WARN_OBJC_ROOT_CLASS = YES_ERROR;
				CLANG_WARN_QUOTED_INCLUDE_IN_FRAMEWORK_HEADER = YES;
				CLANG_WARN_RANGE_LOOP_ANALYSIS = YES;
				CLANG_WARN_STRICT_PROTOTYPES = YES;
				CLANG_WARN_SUSPICIOUS_MOVE = YES;
				CLANG_WARN_UNGUARDED_AVAILABILITY = YES_AGGRESSIVE;
				CLANG_WARN_UNREACHABLE_CODE = YES;
				CLANG_WARN__DUPLICATE_METHOD_MATCH = YES;
				COPY_PHASE_STRIP = NO;
				DEBUG_INFORMATION_FORMAT = "dwarf-with-dsym";
				ENABLE_NS_ASSERTIONS = NO;
				ENABLE_STRICT_OBJC_MSGSEND = YES;
				GCC_C_LANGUAGE_STANDARD = gnu11;
				GCC_NO_COMMON_BLOCKS = YES;
				GCC_WARN_64_TO_32_BIT_CONVERSION = YES;
				GCC_WARN_ABOUT_RETURN_TYPE = YES_ERROR;
				GCC_WARN_UNDECLARED_SELECTOR = YES;
				GCC_WARN_UNINITIALIZED_AUTOS = YES_AGGRESSIVE;
				GCC_WARN_UNUSED_FUNCTION = YES;
				GCC_WARN_UNUSED_VARIABLE = YES;
				IPHONEOS_DEPLOYMENT_TARGET = 16.2;
				MTL_ENABLE_DEBUG_INFO = NO;
				MTL_FAST_MATH = YES;
				SDKROOT = iphoneos;
				SWIFT_COMPILATION_MODE = wholemodule;
				SWIFT_OPTIMIZATION_LEVEL = "-O";
				VALIDATE_PRODUCT = YES;
			};
			name = Release;
		};
		8E64873229C6E1B10029E14F /* Debug */ = {
			isa = XCBuildConfiguration;
			buildSettings = {
				ASSETCATALOG_COMPILER_APPICON_NAME = AppIcon;
				ASSETCATALOG_COMPILER_GLOBAL_ACCENT_COLOR_NAME = AccentColor;
				CODE_SIGN_STYLE = Automatic;
				CURRENT_PROJECT_VERSION = 1;
				DEVELOPMENT_ASSET_PATHS = "\"AICat/Preview Content\"";
				DEVELOPMENT_TEAM = BG63VCU95W;
				ENABLE_PREVIEWS = YES;
				GENERATE_INFOPLIST_FILE = YES;
				INFOPLIST_FILE = AICat/Info.plist;
				INFOPLIST_KEY_CFBundleDisplayName = AICat;
				INFOPLIST_KEY_LSApplicationCategoryType = "public.app-category.productivity";
				INFOPLIST_KEY_UIApplicationSceneManifest_Generation = YES;
				INFOPLIST_KEY_UIApplicationSupportsIndirectInputEvents = YES;
				INFOPLIST_KEY_UILaunchScreen_Generation = YES;
				INFOPLIST_KEY_UISupportedInterfaceOrientations_iPad = "UIInterfaceOrientationPortrait UIInterfaceOrientationPortraitUpsideDown UIInterfaceOrientationLandscapeLeft UIInterfaceOrientationLandscapeRight";
				INFOPLIST_KEY_UISupportedInterfaceOrientations_iPhone = "UIInterfaceOrientationPortrait UIInterfaceOrientationLandscapeLeft UIInterfaceOrientationLandscapeRight";
				INFOPLIST_KEY_UIUserInterfaceStyle = Light;
				IPHONEOS_DEPLOYMENT_TARGET = 16.0;
				LD_RUNPATH_SEARCH_PATHS = (
					"$(inherited)",
					"@executable_path/Frameworks",
				);
				MARKETING_VERSION = 1.0;
				PRODUCT_BUNDLE_IDENTIFIER = app.epoch.AICat;
				PRODUCT_NAME = "$(TARGET_NAME)";
				SWIFT_EMIT_LOC_STRINGS = YES;
				SWIFT_VERSION = 5.0;
				TARGETED_DEVICE_FAMILY = "1,2";
			};
			name = Debug;
		};
		8E64873329C6E1B10029E14F /* Release */ = {
			isa = XCBuildConfiguration;
			buildSettings = {
				ASSETCATALOG_COMPILER_APPICON_NAME = AppIcon;
				ASSETCATALOG_COMPILER_GLOBAL_ACCENT_COLOR_NAME = AccentColor;
				CODE_SIGN_STYLE = Automatic;
				CURRENT_PROJECT_VERSION = 1;
				DEVELOPMENT_ASSET_PATHS = "\"AICat/Preview Content\"";
				DEVELOPMENT_TEAM = BG63VCU95W;
				ENABLE_PREVIEWS = YES;
				GENERATE_INFOPLIST_FILE = YES;
				INFOPLIST_FILE = AICat/Info.plist;
				INFOPLIST_KEY_CFBundleDisplayName = AICat;
				INFOPLIST_KEY_LSApplicationCategoryType = "public.app-category.productivity";
				INFOPLIST_KEY_UIApplicationSceneManifest_Generation = YES;
				INFOPLIST_KEY_UIApplicationSupportsIndirectInputEvents = YES;
				INFOPLIST_KEY_UILaunchScreen_Generation = YES;
				INFOPLIST_KEY_UISupportedInterfaceOrientations_iPad = "UIInterfaceOrientationPortrait UIInterfaceOrientationPortraitUpsideDown UIInterfaceOrientationLandscapeLeft UIInterfaceOrientationLandscapeRight";
				INFOPLIST_KEY_UISupportedInterfaceOrientations_iPhone = "UIInterfaceOrientationPortrait UIInterfaceOrientationLandscapeLeft UIInterfaceOrientationLandscapeRight";
				INFOPLIST_KEY_UIUserInterfaceStyle = Light;
				IPHONEOS_DEPLOYMENT_TARGET = 16.0;
				LD_RUNPATH_SEARCH_PATHS = (
					"$(inherited)",
					"@executable_path/Frameworks",
				);
				MARKETING_VERSION = 1.0;
				PRODUCT_BUNDLE_IDENTIFIER = app.epoch.AICat;
				PRODUCT_NAME = "$(TARGET_NAME)";
				SWIFT_EMIT_LOC_STRINGS = YES;
				SWIFT_VERSION = 5.0;
				TARGETED_DEVICE_FAMILY = "1,2";
			};
			name = Release;
		};
/* End XCBuildConfiguration section */

/* Begin XCConfigurationList section */
		8E64871E29C6E1B00029E14F /* Build configuration list for PBXProject "AICat" */ = {
			isa = XCConfigurationList;
			buildConfigurations = (
				8E64872F29C6E1B10029E14F /* Debug */,
				8E64873029C6E1B10029E14F /* Release */,
			);
			defaultConfigurationIsVisible = 0;
			defaultConfigurationName = Release;
		};
		8E64873129C6E1B10029E14F /* Build configuration list for PBXNativeTarget "AICat" */ = {
			isa = XCConfigurationList;
			buildConfigurations = (
				8E64873229C6E1B10029E14F /* Debug */,
				8E64873329C6E1B10029E14F /* Release */,
			);
			defaultConfigurationIsVisible = 0;
			defaultConfigurationName = Release;
		};
/* End XCConfigurationList section */

/* Begin XCRemoteSwiftPackageReference section */
		8E64873629C6FBD90029E14F /* XCRemoteSwiftPackageReference "Alamofire" */ = {
			isa = XCRemoteSwiftPackageReference;
			repositoryURL = "https://github.com/Alamofire/Alamofire.git";
			requirement = {
				kind = exactVersion;
				version = 5.6.4;
			};
		};
		8E64873D29C70FD00029E14F /* XCRemoteSwiftPackageReference "Blackbird" */ = {
			isa = XCRemoteSwiftPackageReference;
			repositoryURL = "https://github.com/marcoarment/Blackbird";
			requirement = {
				branch = main;
				kind = branch;
			};
		};
/* End XCRemoteSwiftPackageReference section */

/* Begin XCSwiftPackageProductDependency section */
		8E64873729C6FBD90029E14F /* Alamofire */ = {
			isa = XCSwiftPackageProductDependency;
			package = 8E64873629C6FBD90029E14F /* XCRemoteSwiftPackageReference "Alamofire" */;
			productName = Alamofire;
		};
		8E64873E29C70FD00029E14F /* Blackbird */ = {
			isa = XCSwiftPackageProductDependency;
			package = 8E64873D29C70FD00029E14F /* XCRemoteSwiftPackageReference "Blackbird" */;
			productName = Blackbird;
		};
/* End XCSwiftPackageProductDependency section */
	};
	rootObject = 8E64871B29C6E1B00029E14F /* Project object */;
}
