{
  "pins" : [
    {
      "identity" : "appcenter-sdk-apple",
      "kind" : "remoteSourceControl",
      "location" : "https://github.com/microsoft/appcenter-sdk-apple.git",
      "state" : {
        "revision" : "f2bcbd9eba88e32d2de9ce9512c4c47eabbf27ca",
        "version" : "5.0.2"
      }
    },
    {
      "identity" : "apphudsdk",
      "kind" : "remoteSourceControl",
      "location" : "https://github.com/Panl/ApphudSDK.git",
      "state" : {
        "branch" : "master",
        "revision" : "fe07e18107c00f6696df0f5bdc5b41ab62abc4e9"
      }
    },
    {
      "identity" : "blackbird",
      "kind" : "remoteSourceControl",
      "location" : "https://github.com/marcoarment/Blackbird",
      "state" : {
        "branch" : "main",
        "revision" : "2d763022163aaf58d9330c5ee24cd292f0033d9d"
      }
    },
    {
      "identity" : "combine-schedulers",
      "kind" : "remoteSourceControl",
      "location" : "https://github.com/pointfreeco/combine-schedulers",
      "state" : {
        "revision" : "882ac01eb7ef9e36d4467eb4b1151e74fcef85ab",
        "version" : "0.9.1"
      }
    },
    {
      "identity" : "openai",
      "kind" : "remoteSourceControl",
      "location" : "https://github.com/Panl/OpenAI.git",
      "state" : {
        "branch" : "main",
        "revision" : "b3735a07292175b0cb458990aed382557368a897"
      }
    },
    {
      "identity" : "plcrashreporter",
      "kind" : "remoteSourceControl",
      "location" : "https://github.com/microsoft/PLCrashReporter.git",
      "state" : {
        "revision" : "b1a342da19ed9b3af61ea2efa7656c2af30aeb7c",
        "version" : "1.11.0"
      }
    },
    {
      "identity" : "splash",
      "kind" : "remoteSourceControl",
      "location" : "https://github.com/JohnSundell/Splash.git",
      "state" : {
        "revision" : "7f4df436eb78fe64fe2c32c58006e9949fa28ad8",
        "version" : "0.16.0"
      }
    },
    {
      "identity" : "swift-case-paths",
      "kind" : "remoteSourceControl",
      "location" : "https://github.com/pointfreeco/swift-case-paths",
      "state" : {
        "revision" : "fc45e7b2cfece9dd80b5a45e6469ffe67fe67984",
        "version" : "0.14.1"
      }
    },
    {
      "identity" : "swift-clocks",
      "kind" : "remoteSourceControl",
      "location" : "https://github.com/pointfreeco/swift-clocks",
      "state" : {
        "revision" : "20b25ca0dd88ebfb9111ec937814ddc5a8880172",
        "version" : "0.2.0"
      }
    },
    {
      "identity" : "swift-collections",
      "kind" : "remoteSourceControl",
      "location" : "https://github.com/apple/swift-collections",
      "state" : {
        "revision" : "937e904258d22af6e447a0b72c0bc67583ef64a2",
        "version" : "1.0.4"
      }
    },
    {
      "identity" : "swift-composable-architecture",
      "kind" : "remoteSourceControl",
      "location" : "https://github.com/pointfreeco/swift-composable-architecture.git",
      "state" : {
        "revision" : "3e8eee1efe99d06e99426d421733b858b332186b",
        "version" : "0.52.0"
      }
    },
    {
      "identity" : "swift-custom-dump",
      "kind" : "remoteSourceControl",
      "location" : "https://github.com/pointfreeco/swift-custom-dump",
      "state" : {
        "revision" : "84b30e1af72e0ffe6dfbfe39d53b8173caacf224",
        "version" : "0.10.2"
      }
    },
    {
      "identity" : "swift-dependencies",
      "kind" : "remoteSourceControl",
      "location" : "https://github.com/pointfreeco/swift-dependencies",
      "state" : {
        "revision" : "98650d886ec950b587d671261f06d6b59dec4052",
        "version" : "0.4.1"
      }
    },
    {
      "identity" : "swift-identified-collections",
      "kind" : "remoteSourceControl",
      "location" : "https://github.com/pointfreeco/swift-identified-collections",
      "state" : {
        "revision" : "f52eee28bdc6065aa2f8424067e6f04c74bda6e6",
        "version" : "0.7.1"
      }
    },
    {
      "identity" : "swift-markdown-ui",
      "kind" : "remoteSourceControl",
      "location" : "https://github.com/gonzalezreal/swift-markdown-ui",
      "state" : {
        "revision" : "4392c3cefd08db10f13ffb019d7c7a4a622824f5",
        "version" : "2.0.2"
      }
    },
    {
      "identity" : "swiftui-navigation",
      "kind" : "remoteSourceControl",
      "location" : "https://github.com/pointfreeco/swiftui-navigation",
      "state" : {
        "revision" : "47dd574b900ba5ba679f56ea00d4d282fc7305a6",
        "version" : "0.7.1"
      }
    },
    {
      "identity" : "xctest-dynamic-overlay",
      "kind" : "remoteSourceControl",
      "location" : "https://github.com/pointfreeco/xctest-dynamic-overlay",
      "state" : {
        "revision" : "ab8c9f45843694dd16be4297e6d44c0634fd9913",
        "version" : "0.8.4"
      }
    }
  ],
  "version" : 2
}
